
Microsoft Visual Studio Solution File, Format Version 12.00
# Visual Studio Version 16
VisualStudioVersion = 16.0.29806.167
MinimumVisualStudioVersion = 10.0.40219.1
Project("{9A19103F-16F7-4668-BE54-9A1E7A4F7556}") = "CGProject1", "CGProject1\CGProject1.csproj", "{FED38BF0-4849-404A-95D4-4005CCE2A7E3}"
EndProject
Project("{9A19103F-16F7-4668-BE54-9A1E7A4F7556}") = "FileFormats", "WAVE\FileFormats.csproj", "{E523A41B-CF17-4B55-8757-E6F0D654DC89}"
EndProject
Global
	GlobalSection(SolutionConfigurationPlatforms) = preSolution
		Debug|Any CPU = Debug|Any CPU
		Release|Any CPU = Release|Any CPU
	EndGlobalSection
	GlobalSection(ProjectConfigurationPlatforms) = postSolution
		{FED38BF0-4849-404A-95D4-4005CCE2A7E3}.Debug|Any CPU.ActiveCfg = Debug|Any CPU
		{FED38BF0-4849-404A-95D4-4005CCE2A7E3}.Debug|Any CPU.Build.0 = Debug|Any CPU
		{FED38BF0-4849-404A-95D4-4005CCE2A7E3}.Release|Any CPU.ActiveCfg = Release|Any CPU
		{FED38BF0-4849-404A-95D4-4005CCE2A7E3}.Release|Any CPU.Build.0 = Release|Any CPU
		{E523A41B-CF17-4B55-8757-E6F0D654DC89}.Debug|Any CPU.ActiveCfg = Debug|Any CPU
		{E523A41B-CF17-4B55-8757-E6F0D654DC89}.Debug|Any CPU.Build.0 = Debug|Any CPU
		{E523A41B-CF17-4B55-8757-E6F0D654DC89}.Release|Any CPU.ActiveCfg = Release|Any CPU
		{E523A41B-CF17-4B55-8757-E6F0D654DC89}.Release|Any CPU.Build.0 = Release|Any CPU
	EndGlobalSection
	GlobalSection(SolutionProperties) = preSolution
		HideSolutionNode = FALSE
	EndGlobalSection
	GlobalSection(ExtensibilityGlobals) = postSolution
		SolutionGuid = {059B01EA-1A83-4036-85F3-D7933858A6AF}
	EndGlobalSection
EndGlobal
